
Microsoft Visual Studio Solution File, Format Version 12.00
# Visual Studio Version 16
VisualStudioVersion = 16.0.29519.181
MinimumVisualStudioVersion = 10.0.40219.1
Project("{8BC9CEB8-8B4A-11D0-8D11-00A0C91BC942}") = "driver", "renderer.vcxproj", "{25585A11-7944-41F3-941B-7AB30A77E4DD}"
	ProjectSection(ProjectDependencies) = postProject
		{9924171F-CF63-4433-A2CA-17344609D5E4} = {9924171F-CF63-4433-A2CA-17344609D5E4}
	EndProjectSection
EndProject
Project("{8BC9CEB8-8B4A-11D0-8D11-00A0C91BC942}") = "renderer", "rendererlib\rendererlib.vcxproj", "{9924171F-CF63-4433-A2CA-17344609D5E4}"
EndProject
Project("{2150E333-8FDC-42A3-9474-1A3956D46DE8}") = "Solution Items", "Solution Items", "{4ACDAF6D-9AB0-4B75-B23B-D5A6EC356910}"
	ProjectSection(SolutionItems) = preProject
		README.md = README.md
	EndProjectSection
EndProject
Global
	GlobalSection(SolutionConfigurationPlatforms) = preSolution
		Debug|x64 = Debug|x64
		Debug|x86 = Debug|x86
		Release|x64 = Release|x64
		Release|x86 = Release|x86
	EndGlobalSection
	GlobalSection(ProjectConfigurationPlatforms) = postSolution
		{25585A11-7944-41F3-941B-7AB30A77E4DD}.Debug|x64.ActiveCfg = Debug|x64
		{25585A11-7944-41F3-941B-7AB30A77E4DD}.Debug|x64.Build.0 = Debug|x64
		{25585A11-7944-41F3-941B-7AB30A77E4DD}.Debug|x86.ActiveCfg = Debug|Win32
		{25585A11-7944-41F3-941B-7AB30A77E4DD}.Debug|x86.Build.0 = Debug|Win32
		{25585A11-7944-41F3-941B-7AB30A77E4DD}.Release|x64.ActiveCfg = Release|x64
		{25585A11-7944-41F3-941B-7AB30A77E4DD}.Release|x64.Build.0 = Release|x64
		{25585A11-7944-41F3-941B-7AB30A77E4DD}.Release|x86.ActiveCfg = Release|Win32
		{25585A11-7944-41F3-941B-7AB30A77E4DD}.Release|x86.Build.0 = Release|Win32
		{9924171F-CF63-4433-A2CA-17344609D5E4}.Debug|x64.ActiveCfg = Debug|x64
		{9924171F-CF63-4433-A2CA-17344609D5E4}.Debug|x64.Build.0 = Debug|x64
		{9924171F-CF63-4433-A2CA-17344609D5E4}.Debug|x86.ActiveCfg = Debug|Win32
		{9924171F-CF63-4433-A2CA-17344609D5E4}.Debug|x86.Build.0 = Debug|Win32
		{9924171F-CF63-4433-A2CA-17344609D5E4}.Release|x64.ActiveCfg = Release|x64
		{9924171F-CF63-4433-A2CA-17344609D5E4}.Release|x64.Build.0 = Release|x64
		{9924171F-CF63-4433-A2CA-17344609D5E4}.Release|x86.ActiveCfg = Release|Win32
		{9924171F-CF63-4433-A2CA-17344609D5E4}.Release|x86.Build.0 = Release|Win32
	EndGlobalSection
	GlobalSection(SolutionProperties) = preSolution
		HideSolutionNode = FALSE
	EndGlobalSection
	GlobalSection(ExtensibilityGlobals) = postSolution
		SolutionGuid = {ECFF52D0-F55E-49D8-ADA5-66F5C245AB81}
	EndGlobalSection
EndGlobal
